
Microsoft Visual Studio Solution File, Format Version 12.00
# Visual Studio Version 17
VisualStudioVersion = 17.1.32210.238
MinimumVisualStudioVersion = 10.0.40219.1
Project("{FAE04EC0-301F-11D3-BF4B-00C04F79EFBC}") = "MPS Assignment 8", "MPS Assignment 8\MPS Assignment 8.csproj", "{B79591C5-D909-48B1-8E4C-484C0E366AE8}"
EndProject
Global
	GlobalSection(SolutionConfigurationPlatforms) = preSolution
		Debug|Any CPU = Debug|Any CPU
		Release|Any CPU = Release|Any CPU
	EndGlobalSection
	GlobalSection(ProjectConfigurationPlatforms) = postSolution
		{B79591C5-D909-48B1-8E4C-484C0E366AE8}.Debug|Any CPU.ActiveCfg = Debug|Any CPU
		{B79591C5-D909-48B1-8E4C-484C0E366AE8}.Debug|Any CPU.Build.0 = Debug|Any CPU
		{B79591C5-D909-48B1-8E4C-484C0E366AE8}.Release|Any CPU.ActiveCfg = Release|Any CPU
		{B79591C5-D909-48B1-8E4C-484C0E366AE8}.Release|Any CPU.Build.0 = Release|Any CPU
	EndGlobalSection
	GlobalSection(SolutionProperties) = preSolution
		HideSolutionNode = FALSE
	EndGlobalSection
	GlobalSection(ExtensibilityGlobals) = postSolution
		SolutionGuid = {B9D91CA5-8818-4541-A41B-5495E4993AAA}
	EndGlobalSection
EndGlobal
